{
  "name": "demo2",
  "version": "1.0.0",
  "lockfileVersion": 1,
  "requires": true,
  "dependencies": {
    "ff-web-components": {
      "version": "git+https://github.com/FACT-Finder-Web-Components/ff-web-components.git#e54403e3a4ce57ecc0711f51f8aef5d3382c5fe7",
      "from": "git+https://github.com/FACT-Finder-Web-Components/ff-web-components.git#4.0.0-rc.3"
    }
  }
}
