{
  "name": "new-layout",
  "version": "1.0.0",
  "lockfileVersion": 1,
  "requires": true,
  "dependencies": {
    "bootstrap": {
      "version": "4.3.1",
      "resolved": "https://registry.npmjs.org/bootstrap/-/bootstrap-4.3.1.tgz",
      "integrity": "sha512-rXqOmH1VilAt2DyPzluTi2blhk17bO7ef+zLLPlWvG494pDxcM234pJ8wTc/6R40UWizAIIMgxjvxZg5kmsbag=="
    },
    "ff-web-components": {
      "version": "git+https://github.com/FACT-Finder-Web-Components/ff-web-components.git#d3ad7d610ce49e042bf41b1a912a2b0d15d597fe",
      "from": "git+https://github.com/FACT-Finder-Web-Components/ff-web-components.git#3.1.1"
    }
  }
}
